
Microsoft Visual Studio Solution File, Format Version 12.00
# Visual Studio Version 17
VisualStudioVersion = 17.9.34321.82
MinimumVisualStudioVersion = 10.0.40219.1
Project("{FAE04EC0-301F-11D3-BF4B-00C04F79EFBC}") = "Plannr.Server", "Plannr.Server\Plannr.Server.csproj", "{D70D3427-429C-4878-9119-1E5EB4DD7641}"
EndProject
Project("{54A90642-561A-4BB1-A94E-469ADEE60C69}") = "plannr.client", "plannr.client\plannr.client.esproj", "{34FE2914-7AC3-454B-B985-ACBCB7EF4C95}"
EndProject
Project("{FAE04EC0-301F-11D3-BF4B-00C04F79EFBC}") = "Domain", "Domain\Domain.csproj", "{520E10AA-9322-44E1-9F81-C5545FA3E6F8}"
EndProject
Global
	GlobalSection(SolutionConfigurationPlatforms) = preSolution
		Debug|Any CPU = Debug|Any CPU
		Release|Any CPU = Release|Any CPU
	EndGlobalSection
	GlobalSection(ProjectConfigurationPlatforms) = postSolution
		{D70D3427-429C-4878-9119-1E5EB4DD7641}.Debug|Any CPU.ActiveCfg = Debug|Any CPU
		{D70D3427-429C-4878-9119-1E5EB4DD7641}.Debug|Any CPU.Build.0 = Debug|Any CPU
		{D70D3427-429C-4878-9119-1E5EB4DD7641}.Release|Any CPU.ActiveCfg = Release|Any CPU
		{D70D3427-429C-4878-9119-1E5EB4DD7641}.Release|Any CPU.Build.0 = Release|Any CPU
		{34FE2914-7AC3-454B-B985-ACBCB7EF4C95}.Debug|Any CPU.ActiveCfg = Debug|Any CPU
		{34FE2914-7AC3-454B-B985-ACBCB7EF4C95}.Debug|Any CPU.Build.0 = Debug|Any CPU
		{34FE2914-7AC3-454B-B985-ACBCB7EF4C95}.Debug|Any CPU.Deploy.0 = Debug|Any CPU
		{34FE2914-7AC3-454B-B985-ACBCB7EF4C95}.Release|Any CPU.ActiveCfg = Release|Any CPU
		{34FE2914-7AC3-454B-B985-ACBCB7EF4C95}.Release|Any CPU.Build.0 = Release|Any CPU
		{34FE2914-7AC3-454B-B985-ACBCB7EF4C95}.Release|Any CPU.Deploy.0 = Release|Any CPU
		{520E10AA-9322-44E1-9F81-C5545FA3E6F8}.Debug|Any CPU.ActiveCfg = Debug|Any CPU
		{520E10AA-9322-44E1-9F81-C5545FA3E6F8}.Debug|Any CPU.Build.0 = Debug|Any CPU
		{520E10AA-9322-44E1-9F81-C5545FA3E6F8}.Release|Any CPU.ActiveCfg = Release|Any CPU
		{520E10AA-9322-44E1-9F81-C5545FA3E6F8}.Release|Any CPU.Build.0 = Release|Any CPU
	EndGlobalSection
	GlobalSection(SolutionProperties) = preSolution
		HideSolutionNode = FALSE
	EndGlobalSection
	GlobalSection(ExtensibilityGlobals) = postSolution
		SolutionGuid = {C5E22B58-12AD-479F-B153-5ED226AFB999}
	EndGlobalSection
EndGlobal
